
Microsoft Visual Studio Solution File, Format Version 12.00
# Visual Studio 15
VisualStudioVersion = 15.0.26127.3
MinimumVisualStudioVersion = 10.0.40219.1
Project("{2150E333-8FDC-42A3-9474-1A3956D46DE8}") = "Server", "Server", "{AAE7625A-4B10-4EE8-B06E-457D065E7BEE}"
EndProject
Project("{2150E333-8FDC-42A3-9474-1A3956D46DE8}") = "UWP", "UWP", "{57F096B6-227B-430D-8294-83A62367198A}"
EndProject
Project("{2150E333-8FDC-42A3-9474-1A3956D46DE8}") = "WPF", "WPF", "{14A67AC0-70D8-4F5B-B31B-102DD3E42AEA}"
EndProject
Project("{2150E333-8FDC-42A3-9474-1A3956D46DE8}") = "ViewModels", "ViewModels", "{98EBFF99-5BD0-4E4E-BBAB-D731BDF7B32C}"
EndProject
Project("{FAE04EC0-301F-11D3-BF4B-00C04F79EFBC}") = "BooksServices", "BooksServices\BooksServices.csproj", "{126A596B-B936-4816-B7A6-D5A7619FD273}"
EndProject
Project("{FAE04EC0-301F-11D3-BF4B-00C04F79EFBC}") = "BooksViewModelsLib", "BooksViewModelsLib\BooksViewModelsLib.csproj", "{739CC820-5D28-4146-B1D7-CC81CDD11EF8}"
EndProject
Project("{FAE04EC0-301F-11D3-BF4B-00C04F79EFBC}") = "UWPBooksClient", "UWPBooksClient\UWPBooksClient.csproj", "{4651B765-8298-4B1E-A63F-138691C49C64}"
EndProject
Global
	GlobalSection(SolutionConfigurationPlatforms) = preSolution
		Debug|Any CPU = Debug|Any CPU
		Debug|ARM = Debug|ARM
		Debug|x64 = Debug|x64
		Debug|x86 = Debug|x86
		Release|Any CPU = Release|Any CPU
		Release|ARM = Release|ARM
		Release|x64 = Release|x64
		Release|x86 = Release|x86
	EndGlobalSection
	GlobalSection(ProjectConfigurationPlatforms) = postSolution
		{126A596B-B936-4816-B7A6-D5A7619FD273}.Debug|Any CPU.ActiveCfg = Debug|Any CPU
		{126A596B-B936-4816-B7A6-D5A7619FD273}.Debug|Any CPU.Build.0 = Debug|Any CPU
		{126A596B-B936-4816-B7A6-D5A7619FD273}.Debug|ARM.ActiveCfg = Debug|Any CPU
		{126A596B-B936-4816-B7A6-D5A7619FD273}.Debug|ARM.Build.0 = Debug|Any CPU
		{126A596B-B936-4816-B7A6-D5A7619FD273}.Debug|x64.ActiveCfg = Debug|x64
		{126A596B-B936-4816-B7A6-D5A7619FD273}.Debug|x64.Build.0 = Debug|x64
		{126A596B-B936-4816-B7A6-D5A7619FD273}.Debug|x86.ActiveCfg = Debug|x86
		{126A596B-B936-4816-B7A6-D5A7619FD273}.Debug|x86.Build.0 = Debug|x86
		{126A596B-B936-4816-B7A6-D5A7619FD273}.Release|Any CPU.ActiveCfg = Release|Any CPU
		{126A596B-B936-4816-B7A6-D5A7619FD273}.Release|Any CPU.Build.0 = Release|Any CPU
		{126A596B-B936-4816-B7A6-D5A7619FD273}.Release|ARM.ActiveCfg = Release|Any CPU
		{126A596B-B936-4816-B7A6-D5A7619FD273}.Release|ARM.Build.0 = Release|Any CPU
		{126A596B-B936-4816-B7A6-D5A7619FD273}.Release|x64.ActiveCfg = Release|x64
		{126A596B-B936-4816-B7A6-D5A7619FD273}.Release|x64.Build.0 = Release|x64
		{126A596B-B936-4816-B7A6-D5A7619FD273}.Release|x86.ActiveCfg = Release|x86
		{126A596B-B936-4816-B7A6-D5A7619FD273}.Release|x86.Build.0 = Release|x86
		{739CC820-5D28-4146-B1D7-CC81CDD11EF8}.Debug|Any CPU.ActiveCfg = Debug|Any CPU
		{739CC820-5D28-4146-B1D7-CC81CDD11EF8}.Debug|Any CPU.Build.0 = Debug|Any CPU
		{739CC820-5D28-4146-B1D7-CC81CDD11EF8}.Debug|ARM.ActiveCfg = Debug|Any CPU
		{739CC820-5D28-4146-B1D7-CC81CDD11EF8}.Debug|ARM.Build.0 = Debug|Any CPU
		{739CC820-5D28-4146-B1D7-CC81CDD11EF8}.Debug|x64.ActiveCfg = Debug|Any CPU
		{739CC820-5D28-4146-B1D7-CC81CDD11EF8}.Debug|x64.Build.0 = Debug|Any CPU
		{739CC820-5D28-4146-B1D7-CC81CDD11EF8}.Debug|x86.ActiveCfg = Debug|Any CPU
		{739CC820-5D28-4146-B1D7-CC81CDD11EF8}.Debug|x86.Build.0 = Debug|Any CPU
		{739CC820-5D28-4146-B1D7-CC81CDD11EF8}.Release|Any CPU.ActiveCfg = Release|Any CPU
		{739CC820-5D28-4146-B1D7-CC81CDD11EF8}.Release|Any CPU.Build.0 = Release|Any CPU
		{739CC820-5D28-4146-B1D7-CC81CDD11EF8}.Release|ARM.ActiveCfg = Release|Any CPU
		{739CC820-5D28-4146-B1D7-CC81CDD11EF8}.Release|ARM.Build.0 = Release|Any CPU
		{739CC820-5D28-4146-B1D7-CC81CDD11EF8}.Release|x64.ActiveCfg = Release|Any CPU
		{739CC820-5D28-4146-B1D7-CC81CDD11EF8}.Release|x64.Build.0 = Release|Any CPU
		{739CC820-5D28-4146-B1D7-CC81CDD11EF8}.Release|x86.ActiveCfg = Release|Any CPU
		{739CC820-5D28-4146-B1D7-CC81CDD11EF8}.Release|x86.Build.0 = Release|Any CPU
		{4651B765-8298-4B1E-A63F-138691C49C64}.Debug|Any CPU.ActiveCfg = Debug|x86
		{4651B765-8298-4B1E-A63F-138691C49C64}.Debug|Any CPU.Build.0 = Debug|x86
		{4651B765-8298-4B1E-A63F-138691C49C64}.Debug|Any CPU.Deploy.0 = Debug|x86
		{4651B765-8298-4B1E-A63F-138691C49C64}.Debug|ARM.ActiveCfg = Debug|ARM
		{4651B765-8298-4B1E-A63F-138691C49C64}.Debug|ARM.Build.0 = Debug|ARM
		{4651B765-8298-4B1E-A63F-138691C49C64}.Debug|ARM.Deploy.0 = Debug|ARM
		{4651B765-8298-4B1E-A63F-138691C49C64}.Debug|x64.ActiveCfg = Debug|x64
		{4651B765-8298-4B1E-A63F-138691C49C64}.Debug|x64.Build.0 = Debug|x64
		{4651B765-8298-4B1E-A63F-138691C49C64}.Debug|x64.Deploy.0 = Debug|x64
		{4651B765-8298-4B1E-A63F-138691C49C64}.Debug|x86.ActiveCfg = Debug|x86
		{4651B765-8298-4B1E-A63F-138691C49C64}.Debug|x86.Build.0 = Debug|x86
		{4651B765-8298-4B1E-A63F-138691C49C64}.Debug|x86.Deploy.0 = Debug|x86
		{4651B765-8298-4B1E-A63F-138691C49C64}.Release|Any CPU.ActiveCfg = Release|x86
		{4651B765-8298-4B1E-A63F-138691C49C64}.Release|ARM.ActiveCfg = Release|ARM
		{4651B765-8298-4B1E-A63F-138691C49C64}.Release|ARM.Build.0 = Release|ARM
		{4651B765-8298-4B1E-A63F-138691C49C64}.Release|ARM.Deploy.0 = Release|ARM
		{4651B765-8298-4B1E-A63F-138691C49C64}.Release|x64.ActiveCfg = Release|x64
		{4651B765-8298-4B1E-A63F-138691C49C64}.Release|x64.Build.0 = Release|x64
		{4651B765-8298-4B1E-A63F-138691C49C64}.Release|x64.Deploy.0 = Release|x64
		{4651B765-8298-4B1E-A63F-138691C49C64}.Release|x86.ActiveCfg = Release|x86
		{4651B765-8298-4B1E-A63F-138691C49C64}.Release|x86.Build.0 = Release|x86
		{4651B765-8298-4B1E-A63F-138691C49C64}.Release|x86.Deploy.0 = Release|x86
	EndGlobalSection
	GlobalSection(SolutionProperties) = preSolution
		HideSolutionNode = FALSE
	EndGlobalSection
	GlobalSection(NestedProjects) = preSolution
		{126A596B-B936-4816-B7A6-D5A7619FD273} = {AAE7625A-4B10-4EE8-B06E-457D065E7BEE}
		{739CC820-5D28-4146-B1D7-CC81CDD11EF8} = {98EBFF99-5BD0-4E4E-BBAB-D731BDF7B32C}
		{4651B765-8298-4B1E-A63F-138691C49C64} = {57F096B6-227B-430D-8294-83A62367198A}
	EndGlobalSection
EndGlobal
